{
  "version": 1,
  "dependencies": {
    "net8.0": {
      "HslCommunication": {
        "type": "Direct",
        "requested": "[12.7.0, )",
        "resolved": "12.7.0",
        "contentHash": "P7MbSCFW2462j8UiqU5H9oAsGkKgc2jkqMAqqaydHG3mpxdBIaW/6Ds7nCZ5qRnIhgpz3u73hPGvJotvNrGvrQ==",
        "dependencies": {
          "Newtonsoft.Json": "13.0.1",
          "System.IO.Ports": "6.0.0"
        }
      },
      "Microsoft.Data.SqlClient": {
        "type": "Direct",
        "requested": "[5.2.2, )",
        "resolved": "5.2.2",
        "contentHash": "mtoeRMh7F/OA536c/Cnh8L4H0uLSKB5kSmoi54oN7Fp0hNJDy22IqyMhaMH4PkDCqI7xL//Fvg9ldtuPHG0h5g==",
        "dependencies": {
          "Azure.Identity": "1.11.4",
          "Microsoft.Data.SqlClient.SNI.runtime": "5.2.0",
          "Microsoft.Identity.Client": "4.61.3",
          "Microsoft.IdentityModel.JsonWebTokens": "6.35.0",
          "Microsoft.IdentityModel.Protocols.OpenIdConnect": "6.35.0",
          "Microsoft.SqlServer.Server": "1.0.0",
          "System.Configuration.ConfigurationManager": "8.0.0",
          "System.Runtime.Caching": "8.0.0"
        }
      },
      "Microsoft.Data.Sqlite": {
        "type": "Direct",
        "requested": "[8.0.0, )",
        "resolved": "8.0.0",
        "contentHash": "H+iC5IvkCCKSNHXzL3JARvDn7VpkvuJM91KVB89sKjeTF/KX/BocNNh93ZJtX5MCQKb/z4yVKgkU2sVIq+xKfg==",
        "dependencies": {
          "Microsoft.Data.Sqlite.Core": "8.0.0",
          "SQLitePCLRaw.bundle_e_sqlite3": "2.1.6"
        }
      },
      "Microsoft.Extensions.DependencyInjection.Abstractions": {
        "type": "Direct",
        "requested": "[10.0.0, )",
        "resolved": "10.0.0",
        "contentHash": "L3AdmZ1WOK4XXT5YFPEwyt0ep6l8lGIPs7F5OOBZc77Zqeo01Of7XXICy47628sdVl0v/owxYJTe86DTgFwKCA=="
      },
      "Microsoft.Extensions.Logging.Abstractions": {
        "type": "Direct",
        "requested": "[10.0.0, )",
        "resolved": "10.0.0",
        "contentHash": "FU/IfjDfwaMuKr414SSQNTIti/69bHEMb+QKrskRb26oVqpx3lNFXMjs/RC9ZUuhBhcwDM2BwOgoMw+PZ+beqQ==",
        "dependencies": {
          "Microsoft.Extensions.DependencyInjection.Abstractions": "10.0.0",
          "System.Diagnostics.DiagnosticSource": "10.0.0"
        }
      },
      "Microsoft.ML.OnnxRuntime": {
        "type": "Direct",
        "requested": "[1.17.0, )",
        "resolved": "1.17.0",
        "contentHash": "voFOYGFWcE1YFHnrBECofPC+uHDelBealnTOE4Kx1byqfOJWsUOI9WGJzu8YkLvOVTRIH39WHtrt22UhHkkWOg==",
        "dependencies": {
          "Microsoft.ML.OnnxRuntime.Managed": "1.17.0"
        }
      },
      "Microsoft.ML.OnnxRuntime.Managed": {
        "type": "Direct",
        "requested": "[1.17.0, )",
        "resolved": "1.17.0",
        "contentHash": "scI9s0xhkyANmc8fz8NLkZHJHS7hS+nTEk3X+X9GcLVpsIqxMx0Wg/ib6flDfv3bIjt6rVtJv6OXtRJvwiRBWA==",
        "dependencies": {
          "System.Memory": "4.5.5"
        }
      },
      "MySqlConnector": {
        "type": "Direct",
        "requested": "[2.3.7, )",
        "resolved": "2.3.7",
        "contentHash": "YiVOxvJ+vAYW8NT9gHv8RxKCDFCSXAObF3z0Ou/8WRv8Lsn2QsxaPW5xEwPE+xCcAq6BGkrI8GTOC09Xg09blQ==",
        "dependencies": {
          "Microsoft.Extensions.Logging.Abstractions": "7.0.1"
        }
      },
      "NModbus": {
        "type": "Direct",
        "requested": "[3.0.81, )",
        "resolved": "3.0.81",
        "contentHash": "EzKEp7CHD8ErBL36iMts+6IrZZ9FEqllaD7Y5XzhoRjlxt5yXRughQ1bxPs99QFYFkW5xfkANB0Qs1gAmYGP8Q=="
      },
      "OpenCvSharp4": {
        "type": "Direct",
        "requested": "[4.9.0.20240103, )",
        "resolved": "4.9.0.20240103",
        "contentHash": "+BJMqToSH3dl+5SUF2YaPI+1eY/o/aTtvCQsY3qgcE4YS8qvPNS7MObzzVy4avYrBmcEEFnCvNF+1VbFnQjU9w==",
        "dependencies": {
          "System.Memory": "4.5.5",
          "System.Runtime.CompilerServices.Unsafe": "6.0.0"
        }
      },
      "OpenCvSharp4.runtime.win": {
        "type": "Direct",
        "requested": "[4.9.0.20240103, )",
        "resolved": "4.9.0.20240103",
        "contentHash": "PkV3ge6rE//gj0OlG4TRXzmcLVDoKsJx0lYN1ogx9gZhqUPHlzrnWqKk2hAFK+nU8T0chRhrwHL0U2hSMyoCWw=="
      },
      "PaddleOCRSharp": {
        "type": "Direct",
        "requested": "[4.4.0.1, )",
        "resolved": "4.4.0.1",
        "contentHash": "5MKgS2wrLAszJCLl8asi4tX1zgoT+4DMTq2ZrWr3WRudOC4mnKKOX3fJJIlt/7aAC4pFs7jIrGe8z6PXPnkRGw==",
        "dependencies": {
          "Paddle.Runtime.win_x64": "2.6.1.1",
          "System.Drawing.Common": "8.0.7"
        }
      },
      "S7netplus": {
        "type": "Direct",
        "requested": "[0.20.0, )",
        "resolved": "0.20.0",
        "contentHash": "XAubZ076bhWHQZlnBkzwQO4WxqF5ofwhrkDxfBhGbeD1JC1jBDn3EbWIqMLW6+G0RsxzxirSjLERCQZPfjwGdw=="
      },
      "System.Drawing.Common": {
        "type": "Direct",
        "requested": "[8.0.11, )",
        "resolved": "8.0.11",
        "contentHash": "AVyutHHKrX0Mt9C9T8W3Ccat3cVauUwvN+EqnVpSQi92nwBqoQ+2ZRvGP1S+rKK+6TGXmRflSYNShVjl2mMBlw==",
        "dependencies": {
          "Microsoft.Win32.SystemEvents": "8.0.0"
        }
      },
      "System.IO.Ports": {
        "type": "Direct",
        "requested": "[8.0.0, )",
        "resolved": "8.0.0",
        "contentHash": "MaiPbx2/QXZc62gm/DrajRrGPG1lU4m08GWMoWiymPYM+ba4kfACp2PbiYpqJ4QiFGhHD00zX3RoVDTucjWe9g==",
        "dependencies": {
          "runtime.native.System.IO.Ports": "8.0.0"
        }
      },
      "ZXing.Net": {
        "type": "Direct",
        "requested": "[0.16.9, )",
        "resolved": "0.16.9",
        "contentHash": "7WaVMHklpT3Ye2ragqRIwlFRsb6kOk63BOGADV0fan3ulVfGLUYkDi5yNUsZS/7FVNkWbtHAlDLmu4WnHGfqvQ=="
      },
      "Azure.Core": {
        "type": "Transitive",
        "resolved": "1.38.0",
        "contentHash": "IuEgCoVA0ef7E4pQtpC3+TkPbzaoQfa77HlfJDmfuaJUCVJmn7fT0izamZiryW5sYUFKizsftIxMkXKbgIcPMQ==",
        "dependencies": {
          "Microsoft.Bcl.AsyncInterfaces": "1.1.1",
          "System.ClientModel": "1.0.0",
          "System.Diagnostics.DiagnosticSource": "6.0.1",
          "System.Memory.Data": "1.0.2",
          "System.Numerics.Vectors": "4.5.0",
          "System.Text.Encodings.Web": "4.7.2",
          "System.Text.Json": "4.7.2",
          "System.Threading.Tasks.Extensions": "4.5.4"
        }
      },
      "Azure.Identity": {
        "type": "Transitive",
        "resolved": "1.11.4",
        "contentHash": "Sf4BoE6Q3jTgFkgBkx7qztYOFELBCo+wQgpYDwal/qJ1unBH73ywPztIJKXBXORRzAeNijsuxhk94h0TIMvfYg==",
        "dependencies": {
          "Azure.Core": "1.38.0",
          "Microsoft.Identity.Client": "4.61.3",
          "Microsoft.Identity.Client.Extensions.Msal": "4.61.3",
          "System.Memory": "4.5.4",
          "System.Security.Cryptography.ProtectedData": "4.7.0",
          "System.Text.Json": "4.7.2",
          "System.Threading.Tasks.Extensions": "4.5.4"
        }
      },
      "Microsoft.Bcl.AsyncInterfaces": {
        "type": "Transitive",
        "resolved": "1.1.1",
        "contentHash": "yuvf07qFWFqtK3P/MRkEKLhn5r2UbSpVueRziSqj0yJQIKFwG1pq9mOayK3zE5qZCTs0CbrwL9M6R8VwqyGy2w=="
      },
      "Microsoft.CSharp": {
        "type": "Transitive",
        "resolved": "4.5.0",
        "contentHash": "kaj6Wb4qoMuH3HySFJhxwQfe8R/sJsNJnANrvv8WdFPMoNbKY5htfNscv+LHCu5ipz+49m2e+WQXpLXr9XYemQ=="
      },
      "Microsoft.Data.SqlClient.SNI.runtime": {
        "type": "Transitive",
        "resolved": "5.2.0",
        "contentHash": "po1jhvFd+8pbfvJR/puh+fkHi0GRanAdvayh/0e47yaM6CXWZ6opUjCMFuYlAnD2LcbyvQE7fPJKvogmaUcN+w=="
      },
      "Microsoft.Data.Sqlite.Core": {
        "type": "Transitive",
        "resolved": "8.0.0",
        "contentHash": "pujbzfszX7jAl7oTbHhqx7pxd9jibeyHHl8zy1gd55XMaKWjDtc5XhhNYwQnrwWYCInNdVoArbaaAvLgW7TwuA==",
        "dependencies": {
          "SQLitePCLRaw.core": "2.1.6"
        }
      },
      "Microsoft.Identity.Client": {
        "type": "Transitive",
        "resolved": "4.61.3",
        "contentHash": "naJo/Qm35Caaoxp5utcw+R8eU8ZtLz2ALh8S+gkekOYQ1oazfCQMWVT4NJ/FnHzdIJlm8dMz0oMpMGCabx5odA==",
        "dependencies": {
          "Microsoft.IdentityModel.Abstractions": "6.35.0",
          "System.Diagnostics.DiagnosticSource": "6.0.1"
        }
      },
      "Microsoft.Identity.Client.Extensions.Msal": {
        "type": "Transitive",
        "resolved": "4.61.3",
        "contentHash": "PWnJcznrSGr25MN8ajlc2XIDW4zCFu0U6FkpaNLEWLgd1NgFCp5uDY3mqLDgM8zCN8hqj8yo5wHYfLB2HjcdGw==",
        "dependencies": {
          "Microsoft.Identity.Client": "4.61.3",
          "System.Security.Cryptography.ProtectedData": "4.5.0"
        }
      },
      "Microsoft.IdentityModel.Abstractions": {
        "type": "Transitive",
        "resolved": "6.35.0",
        "contentHash": "xuR8E4Rd96M41CnUSCiOJ2DBh+z+zQSmyrYHdYhD6K4fXBcQGVnRCFQ0efROUYpP+p0zC1BLKr0JRpVuujTZSg=="
      },
      "Microsoft.IdentityModel.JsonWebTokens": {
        "type": "Transitive",
        "resolved": "6.35.0",
        "contentHash": "9wxai3hKgZUb4/NjdRKfQd0QJvtXKDlvmGMYACbEC8DFaicMFCFhQFZq9ZET1kJLwZahf2lfY5Gtcpsx8zYzbg==",
        "dependencies": {
          "Microsoft.IdentityModel.Tokens": "6.35.0",
          "System.Text.Encoding": "4.3.0",
          "System.Text.Encodings.Web": "4.7.2",
          "System.Text.Json": "4.7.2"
        }
      },
      "Microsoft.IdentityModel.Logging": {
        "type": "Transitive",
        "resolved": "6.35.0",
        "contentHash": "jePrSfGAmqT81JDCNSY+fxVWoGuJKt9e6eJ+vT7+quVS55nWl//jGjUQn4eFtVKt4rt5dXaleZdHRB9J9AJZ7Q==",
        "dependencies": {
          "Microsoft.IdentityModel.Abstractions": "6.35.0"
        }
      },
      "Microsoft.IdentityModel.Protocols": {
        "type": "Transitive",
        "resolved": "6.35.0",
        "contentHash": "BPQhlDzdFvv1PzaUxNSk+VEPwezlDEVADIKmyxubw7IiELK18uJ06RQ9QKKkds30XI+gDu9n8j24XQ8w7fjWcg==",
        "dependencies": {
          "Microsoft.IdentityModel.Logging": "6.35.0",
          "Microsoft.IdentityModel.Tokens": "6.35.0"
        }
      },
      "Microsoft.IdentityModel.Protocols.OpenIdConnect": {
        "type": "Transitive",
        "resolved": "6.35.0",
        "contentHash": "LMtVqnECCCdSmyFoCOxIE5tXQqkOLrvGrL7OxHg41DIm1bpWtaCdGyVcTAfOQpJXvzND9zUKIN/lhngPkYR8vg==",
        "dependencies": {
          "Microsoft.IdentityModel.Protocols": "6.35.0",
          "System.IdentityModel.Tokens.Jwt": "6.35.0"
        }
      },
      "Microsoft.IdentityModel.Tokens": {
        "type": "Transitive",
        "resolved": "6.35.0",
        "contentHash": "RN7lvp7s3Boucg1NaNAbqDbxtlLj5Qeb+4uSS1TeK5FSBVM40P4DKaTKChT43sHyKfh7V0zkrMph6DdHvyA4bg==",
        "dependencies": {
          "Microsoft.CSharp": "4.5.0",
          "Microsoft.IdentityModel.Logging": "6.35.0",
          "System.Security.Cryptography.Cng": "4.5.0"
        }
      },
      "Microsoft.NETCore.Platforms": {
        "type": "Transitive",
        "resolved": "1.1.0",
        "contentHash": "kz0PEW2lhqygehI/d6XsPCQzD7ff7gUJaVGPVETX611eadGsA3A877GdSlU0LRVMCTH/+P3o2iDTak+S08V2+A=="
      },
      "Microsoft.NETCore.Targets": {
        "type": "Transitive",
        "resolved": "1.1.0",
        "contentHash": "aOZA3BWfz9RXjpzt0sRJJMjAscAUm3Hoa4UWAfceV9UTYxgwZ1lZt5nO2myFf+/jetYQo4uTP7zS8sJY67BBxg=="
      },
      "Microsoft.SqlServer.Server": {
        "type": "Transitive",
        "resolved": "1.0.0",
        "contentHash": "N4KeF3cpcm1PUHym1RmakkzfkEv3GRMyofVv40uXsQhCQeglr2OHNcUk2WOG51AKpGO8ynGpo9M/kFXSzghwug=="
      },
      "Microsoft.Win32.SystemEvents": {
        "type": "Transitive",
        "resolved": "8.0.0",
        "contentHash": "9opKRyOKMCi2xJ7Bj7kxtZ1r9vbzosMvRrdEhVhDz8j8MoBGgB+WmC94yH839NPH+BclAjtQ/pyagvi/8gDLkw=="
      },
      "Newtonsoft.Json": {
        "type": "Transitive",
        "resolved": "13.0.1",
        "contentHash": "ppPFpBcvxdsfUonNcvITKqLl3bqxWbDCZIzDWHzjpdAHRFfZe0Dw9HmA0+za13IdyrgJwpkDTDA9fHaxOrt20A=="
      },
      "Paddle.Runtime.win_x64": {
        "type": "Transitive",
        "resolved": "2.6.1.1",
        "contentHash": "mGX7Cl2llnU/0fAA4uakwRmgSwN5tdIgLhvU+UyGkHxqKIpg1sofJCE91DMyIADTFiYySMz4rqKVwuvVYJC1TQ=="
      },
      "runtime.linux-arm.runtime.native.System.IO.Ports": {
        "type": "Transitive",
        "resolved": "8.0.0",
        "contentHash": "gK720fg6HemDg8sXcfy+xCMZ9+hF78Gc7BmREbmkS4noqlu1BAr9qZtuWGhLzFjBfgecmdtl4+SYVwJ1VneZBQ=="
      },
      "runtime.linux-arm64.runtime.native.System.IO.Ports": {
        "type": "Transitive",
        "resolved": "8.0.0",
        "contentHash": "KYG6/3ojhEWbb3FwQAKgGWPHrY+HKUXXdVjJlrtyCLn3EMcNTaNcPadb2c0ndQzixZSmAxZKopXJr0nLwhOrpQ=="
      },
      "runtime.linux-x64.runtime.native.System.IO.Ports": {
        "type": "Transitive",
        "resolved": "8.0.0",
        "contentHash": "Wnw5vhA4mgGbIFoo6l9Fk3iEcwRSq49a1aKwJgXUCUtEQLCSUDjTGSxqy/oMUuOyyn7uLHsH8KgZzQ1y3lReiQ=="
      },
      "runtime.native.System.IO.Ports": {
        "type": "Transitive",
        "resolved": "8.0.0",
        "contentHash": "Ee7Sz5llLpTgyKIWzKI/GeuRSbFkOABgJRY00SqTY0OkTYtkB+9l5rFZfE7fxPA3c22RfytCBYkUdAkcmwMjQg==",
        "dependencies": {
          "runtime.linux-arm.runtime.native.System.IO.Ports": "8.0.0",
          "runtime.linux-arm64.runtime.native.System.IO.Ports": "8.0.0",
          "runtime.linux-x64.runtime.native.System.IO.Ports": "8.0.0",
          "runtime.osx-arm64.runtime.native.System.IO.Ports": "8.0.0",
          "runtime.osx-x64.runtime.native.System.IO.Ports": "8.0.0"
        }
      },
      "runtime.osx-arm64.runtime.native.System.IO.Ports": {
        "type": "Transitive",
        "resolved": "8.0.0",
        "contentHash": "rbUBLAaFW9oVkbsb0+XSrAo2QdhBeAyzLl5KQ6Oci9L/u626uXGKInsVJG6B9Z5EO8bmplC8tsMiaHK8wOBZ+w=="
      },
      "runtime.osx-x64.runtime.native.System.IO.Ports": {
        "type": "Transitive",
        "resolved": "8.0.0",
        "contentHash": "IcfB4jKtM9pkzP9OpYelEcUX1MiDt0IJPBh3XYYdEISFF+6Mc+T8WWi0dr9wVh1gtcdVjubVEIBgB8BHESlGfQ=="
      },
      "SQLitePCLRaw.bundle_e_sqlite3": {
        "type": "Transitive",
        "resolved": "2.1.6",
        "contentHash": "BmAf6XWt4TqtowmiWe4/5rRot6GerAeklmOPfviOvwLoF5WwgxcJHAxZtySuyW9r9w+HLILnm8VfJFLCUJYW8A==",
        "dependencies": {
          "SQLitePCLRaw.lib.e_sqlite3": "2.1.6",
          "SQLitePCLRaw.provider.e_sqlite3": "2.1.6"
        }
      },
      "SQLitePCLRaw.core": {
        "type": "Transitive",
        "resolved": "2.1.6",
        "contentHash": "wO6v9GeMx9CUngAet8hbO7xdm+M42p1XeJq47ogyRoYSvNSp0NGLI+MgC0bhrMk9C17MTVFlLiN6ylyExLCc5w==",
        "dependencies": {
          "System.Memory": "4.5.3"
        }
      },
      "SQLitePCLRaw.lib.e_sqlite3": {
        "type": "Transitive",
        "resolved": "2.1.6",
        "contentHash": "2ObJJLkIUIxRpOUlZNGuD4rICpBnrBR5anjyfUFQep4hMOIeqW+XGQYzrNmHSVz5xSWZ3klSbh7sFR6UyDj68Q=="
      },
      "SQLitePCLRaw.provider.e_sqlite3": {
        "type": "Transitive",
        "resolved": "2.1.6",
        "contentHash": "PQ2Oq3yepLY4P7ll145P3xtx2bX8xF4PzaKPRpw9jZlKvfe4LE/saAV82inND9usn1XRpmxXk7Lal3MTI+6CNg==",
        "dependencies": {
          "SQLitePCLRaw.core": "2.1.6"
        }
      },
      "System.ClientModel": {
        "type": "Transitive",
        "resolved": "1.0.0",
        "contentHash": "I3CVkvxeqFYjIVEP59DnjbeoGNfo/+SZrCLpRz2v/g0gpCHaEMPtWSY0s9k/7jR1rAsLNg2z2u1JRB76tPjnIw==",
        "dependencies": {
          "System.Memory.Data": "1.0.2",
          "System.Text.Json": "4.7.2"
        }
      },
      "System.Configuration.ConfigurationManager": {
        "type": "Transitive",
        "resolved": "8.0.0",
        "contentHash": "JlYi9XVvIREURRUlGMr1F6vOFLk7YSY4p1vHo4kX3tQ0AGrjqlRWHDi66ImHhy6qwXBG3BJ6Y1QlYQ+Qz6Xgww==",
        "dependencies": {
          "System.Diagnostics.EventLog": "8.0.0",
          "System.Security.Cryptography.ProtectedData": "8.0.0"
        }
      },
      "System.Diagnostics.DiagnosticSource": {
        "type": "Transitive",
        "resolved": "10.0.0",
        "contentHash": "0KdBK+h7G13PuOSC2R/DalAoFMvdYMznvGRuICtkdcUMXgl/gYXsG6z4yUvTxHSMACorWgHCU1Faq0KUHU6yAQ=="
      },
      "System.Diagnostics.EventLog": {
        "type": "Transitive",
        "resolved": "8.0.0",
        "contentHash": "fdYxcRjQqTTacKId/2IECojlDSFvp7LP5N78+0z/xH7v/Tuw5ZAxu23Y6PTCRinqyu2ePx+Gn1098NC6jM6d+A=="
      },
      "System.IdentityModel.Tokens.Jwt": {
        "type": "Transitive",
        "resolved": "6.35.0",
        "contentHash": "yxGIQd3BFK7F6S62/7RdZk3C/mfwyVxvh6ngd1VYMBmbJ1YZZA9+Ku6suylVtso0FjI0wbElpJ0d27CdsyLpBQ==",
        "dependencies": {
          "Microsoft.IdentityModel.JsonWebTokens": "6.35.0",
          "Microsoft.IdentityModel.Tokens": "6.35.0"
        }
      },
      "System.Memory": {
        "type": "Transitive",
        "resolved": "4.5.5",
        "contentHash": "XIWiDvKPXaTveaB7HVganDlOCRoj03l+jrwNvcge/t8vhGYKvqV+dMv6G4SAX2NoNmN0wZfVPTAlFwZcZvVOUw=="
      },
      "System.Memory.Data": {
        "type": "Transitive",
        "resolved": "1.0.2",
        "contentHash": "JGkzeqgBsiZwKJZ1IxPNsDFZDhUvuEdX8L8BDC8N3KOj+6zMcNU28CNN59TpZE/VJYy9cP+5M+sbxtWJx3/xtw==",
        "dependencies": {
          "System.Text.Encodings.Web": "4.7.2",
          "System.Text.Json": "4.6.0"
        }
      },
      "System.Numerics.Vectors": {
        "type": "Transitive",
        "resolved": "4.5.0",
        "contentHash": "QQTlPTl06J/iiDbJCiepZ4H//BVraReU4O4EoRw1U02H5TLUIT7xn3GnDp9AXPSlJUDyFs4uWjWafNX6WrAojQ=="
      },
      "System.Runtime": {
        "type": "Transitive",
        "resolved": "4.3.0",
        "contentHash": "JufQi0vPQ0xGnAczR13AUFglDyVYt4Kqnz1AZaiKZ5+GICq0/1MH/mO/eAJHt/mHW1zjKBJd7kV26SrxddAhiw==",
        "dependencies": {
          "Microsoft.NETCore.Platforms": "1.1.0",
          "Microsoft.NETCore.Targets": "1.1.0"
        }
      },
      "System.Runtime.Caching": {
        "type": "Transitive",
        "resolved": "8.0.0",
        "contentHash": "4TmlmvGp4kzZomm7J2HJn6IIx0UUrQyhBDyb5O1XiunZlQImXW+B8b7W/sTPcXhSf9rp5NR5aDtQllwbB5elOQ==",
        "dependencies": {
          "System.Configuration.ConfigurationManager": "8.0.0"
        }
      },
      "System.Runtime.CompilerServices.Unsafe": {
        "type": "Transitive",
        "resolved": "6.0.0",
        "contentHash": "/iUeP3tq1S0XdNNoMz5C9twLSrM/TH+qElHkXWaPvuNOt+99G75NrV0OS2EqHx5wMN7popYjpc8oTjC1y16DLg=="
      },
      "System.Security.Cryptography.Cng": {
        "type": "Transitive",
        "resolved": "4.5.0",
        "contentHash": "WG3r7EyjUe9CMPFSs6bty5doUqT+q9pbI80hlNzo2SkPkZ4VTuZkGWjpp77JB8+uaL4DFPRdBsAY+DX3dBK92A=="
      },
      "System.Security.Cryptography.ProtectedData": {
        "type": "Transitive",
        "resolved": "8.0.0",
        "contentHash": "+TUFINV2q2ifyXauQXRwy4CiBhqvDEDZeVJU7qfxya4aRYOKzVBpN+4acx25VcPB9ywUN6C0n8drWl110PhZEg=="
      },
      "System.Text.Encoding": {
        "type": "Transitive",
        "resolved": "4.3.0",
        "contentHash": "BiIg+KWaSDOITze6jGQynxg64naAPtqGHBwDrLaCtixsa5bKiR8dpPOHA7ge3C0JJQizJE+sfkz1wV+BAKAYZw==",
        "dependencies": {
          "Microsoft.NETCore.Platforms": "1.1.0",
          "Microsoft.NETCore.Targets": "1.1.0",
          "System.Runtime": "4.3.0"
        }
      },
      "System.Text.Encodings.Web": {
        "type": "Transitive",
        "resolved": "4.7.2",
        "contentHash": "iTUgB/WtrZ1sWZs84F2hwyQhiRH6QNjQv2DkwrH+WP6RoFga2Q1m3f9/Q7FG8cck8AdHitQkmkXSY8qylcDmuA=="
      },
      "System.Text.Json": {
        "type": "Transitive",
        "resolved": "4.7.2",
        "contentHash": "TcMd95wcrubm9nHvJEQs70rC0H/8omiSGGpU4FQ/ZA1URIqD4pjmFJh2Mfv1yH1eHgJDWTi2hMDXwTET+zOOyg=="
      },
      "System.Threading.Tasks.Extensions": {
        "type": "Transitive",
        "resolved": "4.5.4",
        "contentHash": "zteT+G8xuGu6mS+mzDzYXbzS7rd3K6Fjb9RiZlYlJPam2/hU7JCBZBVEcywNuR+oZ1ncTvc/cq0faRr3P01OVg=="
      }
    }
  }
}