
Microsoft Visual Studio Solution File, Format Version 12.00
# Visual Studio Version 17
VisualStudioVersion = 17.8.34309.116
MinimumVisualStudioVersion = 10.0.40219.1
Project("{FAE04EC0-301F-11D3-BF4B-00C04F79EFBC}") = "ClearVision.Product.Desktop", "src\ClearVision.Product.Desktop\ClearVision.Product.Desktop.csproj", "{A1B2C3D4-E5F6-7890-ABCD-EF1234567890}"
EndProject
Project("{FAE04EC0-301F-11D3-BF4B-00C04F79EFBC}") = "ClearVision.Product.Core", "src\ClearVision.Product.Core\ClearVision.Product.Core.csproj", "{B2C3D4E5-F678-90AB-CDEF-123456789012}"
EndProject
Project("{FAE04EC0-301F-11D3-BF4B-00C04F79EFBC}") = "ClearVision.Product.Application", "src\ClearVision.Product.Application\ClearVision.Product.Application.csproj", "{C3D4E5F6-7890-ABCD-EF12-345678901234}"
EndProject
Project("{FAE04EC0-301F-11D3-BF4B-00C04F79EFBC}") = "ClearVision.Product.Infrastructure", "src\ClearVision.Product.Infrastructure\ClearVision.Product.Infrastructure.csproj", "{D4E5F678-90AB-CDEF-1234-567890123456}"
EndProject
Project("{FAE04EC0-301F-11D3-BF4B-00C04F79EFBC}") = "ClearVision.Product.Contracts", "src\ClearVision.Product.Contracts\ClearVision.Product.Contracts.csproj", "{E5F67890-ABCD-EF12-3456-789012345678}"
EndProject
Project("{FAE04EC0-301F-11D3-BF4B-00C04F79EFBC}") = "ClearVision.PlcComm", "src\ClearVision.PlcComm\ClearVision.PlcComm.csproj", "{F6A78901-BCDE-F123-4567-890123456789}"
EndProject
Project("{FAE04EC0-301F-11D3-BF4B-00C04F79EFBC}") = "ClearVision.Product.Runtime.Abstractions", "src\ClearVision.Product.Runtime.Abstractions\ClearVision.Product.Runtime.Abstractions.csproj", "{11111111-1111-4111-8111-111111111111}"
EndProject
Project("{FAE04EC0-301F-11D3-BF4B-00C04F79EFBC}") = "ClearVision.Product.Runtime", "src\ClearVision.Product.Runtime\ClearVision.Product.Runtime.csproj", "{22222222-2222-4222-8222-222222222222}"
EndProject
Project("{FAE04EC0-301F-11D3-BF4B-00C04F79EFBC}") = "ClearVision.Product.Station", "src\ClearVision.Product.Station\ClearVision.Product.Station.csproj", "{33333333-3333-4333-8333-333333333333}"
EndProject
Project("{2150E333-8FDC-42A3-9474-1A3956D46DE8}") = "src", "src", "{827E0CD3-B72D-47B6-A68D-7590B98EB39B}"
EndProject
Project("{FAE04EC0-301F-11D3-BF4B-00C04F79EFBC}") = "ClearVision.Product.Station.Simulator", "src\ClearVision.Product.Station.Simulator\ClearVision.Product.Station.Simulator.csproj", "{A5CECD7E-162E-4156-B5CF-A58FB4812F9F}"
EndProject
Project("{2150E333-8FDC-42A3-9474-1A3956D46DE8}") = "tests", "tests", "{0AB3BF05-4346-4AA6-1389-037BE0695223}"
EndProject
Project("{FAE04EC0-301F-11D3-BF4B-00C04F79EFBC}") = "ClearVision.Product.Tests", "tests\ClearVision.Product.Tests\ClearVision.Product.Tests.csproj", "{364FEEDD-3930-4571-B6EE-95819943E2A5}"
EndProject
Project("{FAE04EC0-301F-11D3-BF4B-00C04F79EFBC}") = "ClearVision.Product.Desktop.Tests", "tests\ClearVision.Product.Desktop.Tests\ClearVision.Product.Desktop.Tests.csproj", "{CD8B5708-C130-46F3-A996-56DAF2A52F2C}"
EndProject
Project("{FAE04EC0-301F-11D3-BF4B-00C04F79EFBC}") = "ClearVision.Product.AdminRecovery", "src\ClearVision.Product.AdminRecovery\ClearVision.Product.AdminRecovery.csproj", "{3E66946D-B499-4886-986C-C52CCB59215D}"
EndProject
Global
	GlobalSection(SolutionConfigurationPlatforms) = preSolution
		Debug|Any CPU = Debug|Any CPU
		Debug|x64 = Debug|x64
		Debug|x86 = Debug|x86
		Release|Any CPU = Release|Any CPU
		Release|x64 = Release|x64
		Release|x86 = Release|x86
	EndGlobalSection
	GlobalSection(ProjectConfigurationPlatforms) = postSolution
		{A1B2C3D4-E5F6-7890-ABCD-EF1234567890}.Debug|Any CPU.ActiveCfg = Debug|Any CPU
		{A1B2C3D4-E5F6-7890-ABCD-EF1234567890}.Debug|Any CPU.Build.0 = Debug|Any CPU
		{A1B2C3D4-E5F6-7890-ABCD-EF1234567890}.Debug|x64.ActiveCfg = Debug|Any CPU
		{A1B2C3D4-E5F6-7890-ABCD-EF1234567890}.Debug|x64.Build.0 = Debug|Any CPU
		{A1B2C3D4-E5F6-7890-ABCD-EF1234567890}.Debug|x86.ActiveCfg = Debug|Any CPU
		{A1B2C3D4-E5F6-7890-ABCD-EF1234567890}.Debug|x86.Build.0 = Debug|Any CPU
		{A1B2C3D4-E5F6-7890-ABCD-EF1234567890}.Release|Any CPU.ActiveCfg = Release|Any CPU
		{A1B2C3D4-E5F6-7890-ABCD-EF1234567890}.Release|Any CPU.Build.0 = Release|Any CPU
		{A1B2C3D4-E5F6-7890-ABCD-EF1234567890}.Release|x64.ActiveCfg = Release|Any CPU
		{A1B2C3D4-E5F6-7890-ABCD-EF1234567890}.Release|x64.Build.0 = Release|Any CPU
		{A1B2C3D4-E5F6-7890-ABCD-EF1234567890}.Release|x86.ActiveCfg = Release|Any CPU
		{A1B2C3D4-E5F6-7890-ABCD-EF1234567890}.Release|x86.Build.0 = Release|Any CPU
		{B2C3D4E5-F678-90AB-CDEF-123456789012}.Debug|Any CPU.ActiveCfg = Debug|Any CPU
		{B2C3D4E5-F678-90AB-CDEF-123456789012}.Debug|Any CPU.Build.0 = Debug|Any CPU
		{B2C3D4E5-F678-90AB-CDEF-123456789012}.Debug|x64.ActiveCfg = Debug|Any CPU
		{B2C3D4E5-F678-90AB-CDEF-123456789012}.Debug|x64.Build.0 = Debug|Any CPU
		{B2C3D4E5-F678-90AB-CDEF-123456789012}.Debug|x86.ActiveCfg = Debug|Any CPU
		{B2C3D4E5-F678-90AB-CDEF-123456789012}.Debug|x86.Build.0 = Debug|Any CPU
		{B2C3D4E5-F678-90AB-CDEF-123456789012}.Release|Any CPU.ActiveCfg = Release|Any CPU
		{B2C3D4E5-F678-90AB-CDEF-123456789012}.Release|Any CPU.Build.0 = Release|Any CPU
		{B2C3D4E5-F678-90AB-CDEF-123456789012}.Release|x64.ActiveCfg = Release|Any CPU
		{B2C3D4E5-F678-90AB-CDEF-123456789012}.Release|x64.Build.0 = Release|Any CPU
		{B2C3D4E5-F678-90AB-CDEF-123456789012}.Release|x86.ActiveCfg = Release|Any CPU
		{B2C3D4E5-F678-90AB-CDEF-123456789012}.Release|x86.Build.0 = Release|Any CPU
		{C3D4E5F6-7890-ABCD-EF12-345678901234}.Debug|Any CPU.ActiveCfg = Debug|Any CPU
		{C3D4E5F6-7890-ABCD-EF12-345678901234}.Debug|Any CPU.Build.0 = Debug|Any CPU
		{C3D4E5F6-7890-ABCD-EF12-345678901234}.Debug|x64.ActiveCfg = Debug|Any CPU
		{C3D4E5F6-7890-ABCD-EF12-345678901234}.Debug|x64.Build.0 = Debug|Any CPU
		{C3D4E5F6-7890-ABCD-EF12-345678901234}.Debug|x86.ActiveCfg = Debug|Any CPU
		{C3D4E5F6-7890-ABCD-EF12-345678901234}.Debug|x86.Build.0 = Debug|Any CPU
		{C3D4E5F6-7890-ABCD-EF12-345678901234}.Release|Any CPU.ActiveCfg = Release|Any CPU
		{C3D4E5F6-7890-ABCD-EF12-345678901234}.Release|Any CPU.Build.0 = Release|Any CPU
		{C3D4E5F6-7890-ABCD-EF12-345678901234}.Release|x64.ActiveCfg = Release|Any CPU
		{C3D4E5F6-7890-ABCD-EF12-345678901234}.Release|x64.Build.0 = Release|Any CPU
		{C3D4E5F6-7890-ABCD-EF12-345678901234}.Release|x86.ActiveCfg = Release|Any CPU
		{C3D4E5F6-7890-ABCD-EF12-345678901234}.Release|x86.Build.0 = Release|Any CPU
		{D4E5F678-90AB-CDEF-1234-567890123456}.Debug|Any CPU.ActiveCfg = Debug|Any CPU
		{D4E5F678-90AB-CDEF-1234-567890123456}.Debug|Any CPU.Build.0 = Debug|Any CPU
		{D4E5F678-90AB-CDEF-1234-567890123456}.Debug|x64.ActiveCfg = Debug|Any CPU
		{D4E5F678-90AB-CDEF-1234-567890123456}.Debug|x64.Build.0 = Debug|Any CPU
		{D4E5F678-90AB-CDEF-1234-567890123456}.Debug|x86.ActiveCfg = Debug|Any CPU
		{D4E5F678-90AB-CDEF-1234-567890123456}.Debug|x86.Build.0 = Debug|Any CPU
		{D4E5F678-90AB-CDEF-1234-567890123456}.Release|Any CPU.ActiveCfg = Release|Any CPU
		{D4E5F678-90AB-CDEF-1234-567890123456}.Release|Any CPU.Build.0 = Release|Any CPU
		{D4E5F678-90AB-CDEF-1234-567890123456}.Release|x64.ActiveCfg = Release|Any CPU
		{D4E5F678-90AB-CDEF-1234-567890123456}.Release|x64.Build.0 = Release|Any CPU
		{D4E5F678-90AB-CDEF-1234-567890123456}.Release|x86.ActiveCfg = Release|Any CPU
		{D4E5F678-90AB-CDEF-1234-567890123456}.Release|x86.Build.0 = Release|Any CPU
		{E5F67890-ABCD-EF12-3456-789012345678}.Debug|Any CPU.ActiveCfg = Debug|Any CPU
		{E5F67890-ABCD-EF12-3456-789012345678}.Debug|Any CPU.Build.0 = Debug|Any CPU
		{E5F67890-ABCD-EF12-3456-789012345678}.Debug|x64.ActiveCfg = Debug|Any CPU
		{E5F67890-ABCD-EF12-3456-789012345678}.Debug|x64.Build.0 = Debug|Any CPU
		{E5F67890-ABCD-EF12-3456-789012345678}.Debug|x86.ActiveCfg = Debug|Any CPU
		{E5F67890-ABCD-EF12-3456-789012345678}.Debug|x86.Build.0 = Debug|Any CPU
		{E5F67890-ABCD-EF12-3456-789012345678}.Release|Any CPU.ActiveCfg = Release|Any CPU
		{E5F67890-ABCD-EF12-3456-789012345678}.Release|Any CPU.Build.0 = Release|Any CPU
		{E5F67890-ABCD-EF12-3456-789012345678}.Release|x64.ActiveCfg = Release|Any CPU
		{E5F67890-ABCD-EF12-3456-789012345678}.Release|x64.Build.0 = Release|Any CPU
		{E5F67890-ABCD-EF12-3456-789012345678}.Release|x86.ActiveCfg = Release|Any CPU
		{E5F67890-ABCD-EF12-3456-789012345678}.Release|x86.Build.0 = Release|Any CPU
		{F6A78901-BCDE-F123-4567-890123456789}.Debug|Any CPU.ActiveCfg = Debug|Any CPU
		{F6A78901-BCDE-F123-4567-890123456789}.Debug|Any CPU.Build.0 = Debug|Any CPU
		{F6A78901-BCDE-F123-4567-890123456789}.Debug|x64.ActiveCfg = Debug|Any CPU
		{F6A78901-BCDE-F123-4567-890123456789}.Debug|x64.Build.0 = Debug|Any CPU
		{F6A78901-BCDE-F123-4567-890123456789}.Debug|x86.ActiveCfg = Debug|Any CPU
		{F6A78901-BCDE-F123-4567-890123456789}.Debug|x86.Build.0 = Debug|Any CPU
		{F6A78901-BCDE-F123-4567-890123456789}.Release|Any CPU.ActiveCfg = Release|Any CPU
		{F6A78901-BCDE-F123-4567-890123456789}.Release|Any CPU.Build.0 = Release|Any CPU
		{F6A78901-BCDE-F123-4567-890123456789}.Release|x64.ActiveCfg = Release|Any CPU
		{F6A78901-BCDE-F123-4567-890123456789}.Release|x64.Build.0 = Release|Any CPU
		{F6A78901-BCDE-F123-4567-890123456789}.Release|x86.ActiveCfg = Release|Any CPU
		{F6A78901-BCDE-F123-4567-890123456789}.Release|x86.Build.0 = Release|Any CPU
		{11111111-1111-4111-8111-111111111111}.Debug|Any CPU.ActiveCfg = Debug|Any CPU
		{11111111-1111-4111-8111-111111111111}.Debug|Any CPU.Build.0 = Debug|Any CPU
		{11111111-1111-4111-8111-111111111111}.Debug|x64.ActiveCfg = Debug|Any CPU
		{11111111-1111-4111-8111-111111111111}.Debug|x64.Build.0 = Debug|Any CPU
		{11111111-1111-4111-8111-111111111111}.Debug|x86.ActiveCfg = Debug|Any CPU
		{11111111-1111-4111-8111-111111111111}.Debug|x86.Build.0 = Debug|Any CPU
		{11111111-1111-4111-8111-111111111111}.Release|Any CPU.ActiveCfg = Release|Any CPU
		{11111111-1111-4111-8111-111111111111}.Release|Any CPU.Build.0 = Release|Any CPU
		{11111111-1111-4111-8111-111111111111}.Release|x64.ActiveCfg = Release|Any CPU
		{11111111-1111-4111-8111-111111111111}.Release|x64.Build.0 = Release|Any CPU
		{11111111-1111-4111-8111-111111111111}.Release|x86.ActiveCfg = Release|Any CPU
		{11111111-1111-4111-8111-111111111111}.Release|x86.Build.0 = Release|Any CPU
		{22222222-2222-4222-8222-222222222222}.Debug|Any CPU.ActiveCfg = Debug|Any CPU
		{22222222-2222-4222-8222-222222222222}.Debug|Any CPU.Build.0 = Debug|Any CPU
		{22222222-2222-4222-8222-222222222222}.Debug|x64.ActiveCfg = Debug|Any CPU
		{22222222-2222-4222-8222-222222222222}.Debug|x64.Build.0 = Debug|Any CPU
		{22222222-2222-4222-8222-222222222222}.Debug|x86.ActiveCfg = Debug|Any CPU
		{22222222-2222-4222-8222-222222222222}.Debug|x86.Build.0 = Debug|Any CPU
		{22222222-2222-4222-8222-222222222222}.Release|Any CPU.ActiveCfg = Release|Any CPU
		{22222222-2222-4222-8222-222222222222}.Release|Any CPU.Build.0 = Release|Any CPU
		{22222222-2222-4222-8222-222222222222}.Release|x64.ActiveCfg = Release|Any CPU
		{22222222-2222-4222-8222-222222222222}.Release|x64.Build.0 = Release|Any CPU
		{22222222-2222-4222-8222-222222222222}.Release|x86.ActiveCfg = Release|Any CPU
		{22222222-2222-4222-8222-222222222222}.Release|x86.Build.0 = Release|Any CPU
		{33333333-3333-4333-8333-333333333333}.Debug|Any CPU.ActiveCfg = Debug|Any CPU
		{33333333-3333-4333-8333-333333333333}.Debug|Any CPU.Build.0 = Debug|Any CPU
		{33333333-3333-4333-8333-333333333333}.Debug|x64.ActiveCfg = Debug|Any CPU
		{33333333-3333-4333-8333-333333333333}.Debug|x64.Build.0 = Debug|Any CPU
		{33333333-3333-4333-8333-333333333333}.Debug|x86.ActiveCfg = Debug|Any CPU
		{33333333-3333-4333-8333-333333333333}.Debug|x86.Build.0 = Debug|Any CPU
		{33333333-3333-4333-8333-333333333333}.Release|Any CPU.ActiveCfg = Release|Any CPU
		{33333333-3333-4333-8333-333333333333}.Release|Any CPU.Build.0 = Release|Any CPU
		{33333333-3333-4333-8333-333333333333}.Release|x64.ActiveCfg = Release|Any CPU
		{33333333-3333-4333-8333-333333333333}.Release|x64.Build.0 = Release|Any CPU
		{33333333-3333-4333-8333-333333333333}.Release|x86.ActiveCfg = Release|Any CPU
		{33333333-3333-4333-8333-333333333333}.Release|x86.Build.0 = Release|Any CPU
		{A5CECD7E-162E-4156-B5CF-A58FB4812F9F}.Debug|Any CPU.ActiveCfg = Debug|Any CPU
		{A5CECD7E-162E-4156-B5CF-A58FB4812F9F}.Debug|Any CPU.Build.0 = Debug|Any CPU
		{A5CECD7E-162E-4156-B5CF-A58FB4812F9F}.Debug|x64.ActiveCfg = Debug|Any CPU
		{A5CECD7E-162E-4156-B5CF-A58FB4812F9F}.Debug|x64.Build.0 = Debug|Any CPU
		{A5CECD7E-162E-4156-B5CF-A58FB4812F9F}.Debug|x86.ActiveCfg = Debug|Any CPU
		{A5CECD7E-162E-4156-B5CF-A58FB4812F9F}.Debug|x86.Build.0 = Debug|Any CPU
		{A5CECD7E-162E-4156-B5CF-A58FB4812F9F}.Release|Any CPU.ActiveCfg = Release|Any CPU
		{A5CECD7E-162E-4156-B5CF-A58FB4812F9F}.Release|Any CPU.Build.0 = Release|Any CPU
		{A5CECD7E-162E-4156-B5CF-A58FB4812F9F}.Release|x64.ActiveCfg = Release|Any CPU
		{A5CECD7E-162E-4156-B5CF-A58FB4812F9F}.Release|x64.Build.0 = Release|Any CPU
		{A5CECD7E-162E-4156-B5CF-A58FB4812F9F}.Release|x86.ActiveCfg = Release|Any CPU
		{A5CECD7E-162E-4156-B5CF-A58FB4812F9F}.Release|x86.Build.0 = Release|Any CPU
		{364FEEDD-3930-4571-B6EE-95819943E2A5}.Debug|Any CPU.ActiveCfg = Debug|Any CPU
		{364FEEDD-3930-4571-B6EE-95819943E2A5}.Debug|Any CPU.Build.0 = Debug|Any CPU
		{364FEEDD-3930-4571-B6EE-95819943E2A5}.Debug|x64.ActiveCfg = Debug|Any CPU
		{364FEEDD-3930-4571-B6EE-95819943E2A5}.Debug|x64.Build.0 = Debug|Any CPU
		{364FEEDD-3930-4571-B6EE-95819943E2A5}.Debug|x86.ActiveCfg = Debug|Any CPU
		{364FEEDD-3930-4571-B6EE-95819943E2A5}.Debug|x86.Build.0 = Debug|Any CPU
		{364FEEDD-3930-4571-B6EE-95819943E2A5}.Release|Any CPU.ActiveCfg = Release|Any CPU
		{364FEEDD-3930-4571-B6EE-95819943E2A5}.Release|Any CPU.Build.0 = Release|Any CPU
		{364FEEDD-3930-4571-B6EE-95819943E2A5}.Release|x64.ActiveCfg = Release|Any CPU
		{364FEEDD-3930-4571-B6EE-95819943E2A5}.Release|x64.Build.0 = Release|Any CPU
		{364FEEDD-3930-4571-B6EE-95819943E2A5}.Release|x86.ActiveCfg = Release|Any CPU
		{364FEEDD-3930-4571-B6EE-95819943E2A5}.Release|x86.Build.0 = Release|Any CPU
		{CD8B5708-C130-46F3-A996-56DAF2A52F2C}.Debug|Any CPU.ActiveCfg = Debug|Any CPU
		{CD8B5708-C130-46F3-A996-56DAF2A52F2C}.Debug|Any CPU.Build.0 = Debug|Any CPU
		{CD8B5708-C130-46F3-A996-56DAF2A52F2C}.Debug|x64.ActiveCfg = Debug|Any CPU
		{CD8B5708-C130-46F3-A996-56DAF2A52F2C}.Debug|x64.Build.0 = Debug|Any CPU
		{CD8B5708-C130-46F3-A996-56DAF2A52F2C}.Debug|x86.ActiveCfg = Debug|Any CPU
		{CD8B5708-C130-46F3-A996-56DAF2A52F2C}.Debug|x86.Build.0 = Debug|Any CPU
		{CD8B5708-C130-46F3-A996-56DAF2A52F2C}.Release|Any CPU.ActiveCfg = Release|Any CPU
		{CD8B5708-C130-46F3-A996-56DAF2A52F2C}.Release|Any CPU.Build.0 = Release|Any CPU
		{CD8B5708-C130-46F3-A996-56DAF2A52F2C}.Release|x64.ActiveCfg = Release|Any CPU
		{CD8B5708-C130-46F3-A996-56DAF2A52F2C}.Release|x64.Build.0 = Release|Any CPU
		{CD8B5708-C130-46F3-A996-56DAF2A52F2C}.Release|x86.ActiveCfg = Release|Any CPU
		{CD8B5708-C130-46F3-A996-56DAF2A52F2C}.Release|x86.Build.0 = Release|Any CPU
		{3E66946D-B499-4886-986C-C52CCB59215D}.Debug|Any CPU.ActiveCfg = Debug|Any CPU
		{3E66946D-B499-4886-986C-C52CCB59215D}.Debug|Any CPU.Build.0 = Debug|Any CPU
		{3E66946D-B499-4886-986C-C52CCB59215D}.Debug|x64.ActiveCfg = Debug|Any CPU
		{3E66946D-B499-4886-986C-C52CCB59215D}.Debug|x64.Build.0 = Debug|Any CPU
		{3E66946D-B499-4886-986C-C52CCB59215D}.Debug|x86.ActiveCfg = Debug|Any CPU
		{3E66946D-B499-4886-986C-C52CCB59215D}.Debug|x86.Build.0 = Debug|Any CPU
		{3E66946D-B499-4886-986C-C52CCB59215D}.Release|Any CPU.ActiveCfg = Release|Any CPU
		{3E66946D-B499-4886-986C-C52CCB59215D}.Release|Any CPU.Build.0 = Release|Any CPU
		{3E66946D-B499-4886-986C-C52CCB59215D}.Release|x64.ActiveCfg = Release|Any CPU
		{3E66946D-B499-4886-986C-C52CCB59215D}.Release|x64.Build.0 = Release|Any CPU
		{3E66946D-B499-4886-986C-C52CCB59215D}.Release|x86.ActiveCfg = Release|Any CPU
		{3E66946D-B499-4886-986C-C52CCB59215D}.Release|x86.Build.0 = Release|Any CPU
	EndGlobalSection
	GlobalSection(SolutionProperties) = preSolution
		HideSolutionNode = FALSE
	EndGlobalSection
	GlobalSection(NestedProjects) = preSolution
		{A5CECD7E-162E-4156-B5CF-A58FB4812F9F} = {827E0CD3-B72D-47B6-A68D-7590B98EB39B}
		{364FEEDD-3930-4571-B6EE-95819943E2A5} = {0AB3BF05-4346-4AA6-1389-037BE0695223}
		{CD8B5708-C130-46F3-A996-56DAF2A52F2C} = {0AB3BF05-4346-4AA6-1389-037BE0695223}
		{3E66946D-B499-4886-986C-C52CCB59215D} = {827E0CD3-B72D-47B6-A68D-7590B98EB39B}
	EndGlobalSection
EndGlobal
