{
  "version": 2,
  "dependencies": {
    "net8.0": {
      "OpenCvSharp4": {
        "type": "Direct",
        "requested": "[4.9.0.20240103, )",
        "resolved": "4.9.0.20240103",
        "contentHash": "+BJMqToSH3dl+5SUF2YaPI+1eY/o/aTtvCQsY3qgcE4YS8qvPNS7MObzzVy4avYrBmcEEFnCvNF+1VbFnQjU9w==",
        "dependencies": {
          "System.Memory": "4.5.5",
          "System.Runtime.CompilerServices.Unsafe": "6.0.0"
        }
      },
      "OpenCvSharp4.runtime.win": {
        "type": "Direct",
        "requested": "[4.9.0.20240103, )",
        "resolved": "4.9.0.20240103",
        "contentHash": "PkV3ge6rE//gj0OlG4TRXzmcLVDoKsJx0lYN1ogx9gZhqUPHlzrnWqKk2hAFK+nU8T0chRhrwHL0U2hSMyoCWw=="
      },
      "System.Memory": {
        "type": "Transitive",
        "resolved": "4.5.5",
        "contentHash": "XIWiDvKPXaTveaB7HVganDlOCRoj03l+jrwNvcge/t8vhGYKvqV+dMv6G4SAX2NoNmN0wZfVPTAlFwZcZvVOUw=="
      },
      "System.Runtime.CompilerServices.Unsafe": {
        "type": "Transitive",
        "resolved": "6.0.0",
        "contentHash": "/iUeP3tq1S0XdNNoMz5C9twLSrM/TH+qElHkXWaPvuNOt+99G75NrV0OS2EqHx5wMN7popYjpc8oTjC1y16DLg=="
      },
      "clearvision.product.contracts": {
        "type": "Project"
      }
    }
  }
}